
Microsoft Visual Studio Solution File, Format Version 12.00
# Visual Studio Version 17
VisualStudioVersion = 17.5.33424.131
MinimumVisualStudioVersion = 10.0.40219.1
Project("{FAE04EC0-301F-11D3-BF4B-00C04F79EFBC}") = "Botão asp", "Botão asp\Botão asp.csproj", "{524362C6-7DDD-43E6-9644-33A513307E0A}"
EndProject
Global
	GlobalSection(SolutionConfigurationPlatforms) = preSolution
		Debug|Any CPU = Debug|Any CPU
		Release|Any CPU = Release|Any CPU
	EndGlobalSection
	GlobalSection(ProjectConfigurationPlatforms) = postSolution
		{524362C6-7DDD-43E6-9644-33A513307E0A}.Debug|Any CPU.ActiveCfg = Debug|Any CPU
		{524362C6-7DDD-43E6-9644-33A513307E0A}.Debug|Any CPU.Build.0 = Debug|Any CPU
		{524362C6-7DDD-43E6-9644-33A513307E0A}.Release|Any CPU.ActiveCfg = Release|Any CPU
		{524362C6-7DDD-43E6-9644-33A513307E0A}.Release|Any CPU.Build.0 = Release|Any CPU
	EndGlobalSection
	GlobalSection(SolutionProperties) = preSolution
		HideSolutionNode = FALSE
	EndGlobalSection
	GlobalSection(ExtensibilityGlobals) = postSolution
		SolutionGuid = {A670A30B-1AA4-4EBE-B470-628C1DD0D04E}
	EndGlobalSection
EndGlobal
